
Microsoft Visual Studio Solution File, Format Version 12.00
# Visual Studio 14
VisualStudioVersion = 14.0.25420.1
MinimumVisualStudioVersion = 10.0.40219.1
Project("{159641D6-6404-4A2A-AE62-294DE0FE8301}") = "Dup Vin Project", "Dup Vin Project\Dup Vin Project.dtproj", "{C9D6EEED-25F7-4A36-8E7D-FA1783FABA65}"
EndProject
Global
	GlobalSection(SolutionConfigurationPlatforms) = preSolution
		Development|Default = Development|Default
	EndGlobalSection
	GlobalSection(ProjectConfigurationPlatforms) = postSolution
		{C9D6EEED-25F7-4A36-8E7D-FA1783FABA65}.Development|Default.ActiveCfg = Development
		{C9D6EEED-25F7-4A36-8E7D-FA1783FABA65}.Development|Default.Build.0 = Development
	EndGlobalSection
	GlobalSection(SolutionProperties) = preSolution
		HideSolutionNode = FALSE
	EndGlobalSection
EndGlobal
